
Microsoft Visual Studio Solution File, Format Version 12.00
# Visual Studio Version 17
VisualStudioVersion = 17.13.35913.81
MinimumVisualStudioVersion = 10.0.40219.1
Project("{FAE04EC0-301F-11D3-BF4B-00C04F79EFBC}") = "Project", "Project\Project.csproj", "{318DE345-D686-4961-A25E-63B8F482D57C}"
EndProject
Global
	GlobalSection(SolutionConfigurationPlatforms) = preSolution
		Debug|Any CPU = Debug|Any CPU
		Release|Any CPU = Release|Any CPU
	EndGlobalSection
	GlobalSection(ProjectConfigurationPlatforms) = postSolution
		{318DE345-D686-4961-A25E-63B8F482D57C}.Debug|Any CPU.ActiveCfg = Debug|Any CPU
		{318DE345-D686-4961-A25E-63B8F482D57C}.Debug|Any CPU.Build.0 = Debug|Any CPU
		{318DE345-D686-4961-A25E-63B8F482D57C}.Release|Any CPU.ActiveCfg = Release|Any CPU
		{318DE345-D686-4961-A25E-63B8F482D57C}.Release|Any CPU.Build.0 = Release|Any CPU
	EndGlobalSection
	GlobalSection(SolutionProperties) = preSolution
		HideSolutionNode = FALSE
	EndGlobalSection
	GlobalSection(ExtensibilityGlobals) = postSolution
		SolutionGuid = {4439F8FA-7824-46A8-9343-A6C369074DC8}
	EndGlobalSection
EndGlobal
