
Microsoft Visual Studio Solution File, Format Version 12.00
# Visual Studio Version 17
VisualStudioVersion = 17.13.35919.96 d17.13
MinimumVisualStudioVersion = 10.0.40219.1
Project("{FAE04EC0-301F-11D3-BF4B-00C04F79EFBC}") = "Project", "Project\Project.csproj", "{A869BC31-26F6-4B61-B9BE-358B8925C55C}"
EndProject
Global
	GlobalSection(SolutionConfigurationPlatforms) = preSolution
		Debug|Any CPU = Debug|Any CPU
		Release|Any CPU = Release|Any CPU
	EndGlobalSection
	GlobalSection(ProjectConfigurationPlatforms) = postSolution
		{A869BC31-26F6-4B61-B9BE-358B8925C55C}.Debug|Any CPU.ActiveCfg = Debug|Any CPU
		{A869BC31-26F6-4B61-B9BE-358B8925C55C}.Debug|Any CPU.Build.0 = Debug|Any CPU
		{A869BC31-26F6-4B61-B9BE-358B8925C55C}.Release|Any CPU.ActiveCfg = Release|Any CPU
		{A869BC31-26F6-4B61-B9BE-358B8925C55C}.Release|Any CPU.Build.0 = Release|Any CPU
	EndGlobalSection
	GlobalSection(SolutionProperties) = preSolution
		HideSolutionNode = FALSE
	EndGlobalSection
	GlobalSection(ExtensibilityGlobals) = postSolution
		SolutionGuid = {63234FCE-BB0E-4FD0-8403-F7E9B7A6C06A}
	EndGlobalSection
EndGlobal
